
Microsoft Visual Studio Solution File, Format Version 12.00
# Visual Studio Version 17
VisualStudioVersion = 17.12.35514.174 d17.12
MinimumVisualStudioVersion = 10.0.40219.1
Project("{FAE04EC0-301F-11D3-BF4B-00C04F79EFBC}") = "PatientCard.API", "PatientCard\PatientCard.API.csproj", "{FA9A671F-2443-4449-95A0-4412F873AA94}"
EndProject
Project("{FAE04EC0-301F-11D3-BF4B-00C04F79EFBC}") = "EDU-HOSPITALS.AppHost", "EDU-HOSPITALS.AppHost\EDU-HOSPITALS.AppHost.csproj", "{A956AE27-ADA9-46D3-AC9C-8DECA3270B19}"
EndProject
Project("{FAE04EC0-301F-11D3-BF4B-00C04F79EFBC}") = "EDU-HOSPITALS.ServiceDefaults", "EDU-HOSPITALS.ServiceDefaults\EDU-HOSPITALS.ServiceDefaults.csproj", "{FB6A3F83-F1AA-4C85-941B-7908A641ECDC}"
EndProject
Project("{FAE04EC0-301F-11D3-BF4B-00C04F79EFBC}") = "Emergency.API", "Emergency\Emergency.API.csproj", "{178C6F9E-237A-489E-8DCD-FC6AD72D9A45}"
EndProject
Project("{FAE04EC0-301F-11D3-BF4B-00C04F79EFBC}") = "Clinics.API", "Clinics\Clinics.API.csproj", "{9CD6016B-D665-408A-895E-46063EEBE18B}"
EndProject
Project("{FAE04EC0-301F-11D3-BF4B-00C04F79EFBC}") = "Hospitals.API", "Hospitals\Hospitals.API.csproj", "{4D43F60F-8ECA-444A-BC47-86D30D568FF4}"
EndProject
Project("{2150E333-8FDC-42A3-9474-1A3956D46DE8}") = "_Clinics", "_Clinics", "{78B68B43-32D8-475B-8110-30AEE9801DFC}"
EndProject
Project("{2150E333-8FDC-42A3-9474-1A3956D46DE8}") = "_Emergency", "_Emergency", "{25CE76AE-CF56-45A0-A934-6CA0E0F9C308}"
EndProject
Project("{2150E333-8FDC-42A3-9474-1A3956D46DE8}") = "_Hospitals", "_Hospitals", "{C71018AC-9A7A-429E-A3EB-439498156C6A}"
EndProject
Project("{2150E333-8FDC-42A3-9474-1A3956D46DE8}") = "_PatientCard", "_PatientCard", "{300F0D89-E324-4D2D-ACAF-8A009375B881}"
EndProject
Project("{FAE04EC0-301F-11D3-BF4B-00C04F79EFBC}") = "Clinics.Infrastructure", "Clinics.Infrastructure\Clinics.Infrastructure.csproj", "{BAAA76D2-C683-43DE-8884-F3D691506A75}"
EndProject
Project("{FAE04EC0-301F-11D3-BF4B-00C04F79EFBC}") = "Clinics.Application", "Clinics.App\Clinics.Application.csproj", "{A6BB6210-29A6-45E3-B10A-2D93C7530E25}"
EndProject
Project("{FAE04EC0-301F-11D3-BF4B-00C04F79EFBC}") = "Clinics.Domain", "Clinics.Domain\Clinics.Domain.csproj", "{6768B1D2-86E5-4000-BBB5-EFF9C4FD58AD}"
EndProject
Project("{FAE04EC0-301F-11D3-BF4B-00C04F79EFBC}") = "Emergency.Application", "Emergency.Application\Emergency.Application.csproj", "{ED3C8DFD-016A-4D55-9EF9-CC045FB93103}"
EndProject
Project("{FAE04EC0-301F-11D3-BF4B-00C04F79EFBC}") = "Emergency.Domain", "Emergency.Domain\Emergency.Domain.csproj", "{4CB87D92-6D44-4AFA-A5FE-F182E032CAEF}"
EndProject
Project("{FAE04EC0-301F-11D3-BF4B-00C04F79EFBC}") = "Emergency.Infrastructure", "Emergency.Infrastructure\Emergency.Infrastructure.csproj", "{C77D6D89-FC4E-46DC-9DEB-785AE4B2D8C8}"
EndProject
Project("{2150E333-8FDC-42A3-9474-1A3956D46DE8}") = "Solution Items", "Solution Items", "{D3C1F09B-0DB9-41C5-BF96-76F8A90038DA}"
	ProjectSection(SolutionItems) = preProject
		.gitignore = .gitignore
	EndProjectSection
EndProject
Project("{FAE04EC0-301F-11D3-BF4B-00C04F79EFBC}") = "Hospitals.Application", "Hospitals.Application\Hospitals.Application.csproj", "{85A8EAD5-7EB9-4022-9BF2-5C96FBEAB88D}"
EndProject
Project("{FAE04EC0-301F-11D3-BF4B-00C04F79EFBC}") = "Hospitals.Domain", "Hospitals.Domain\Hospitals.Domain.csproj", "{9F775113-9494-413F-9008-71AA395261A8}"
EndProject
Project("{FAE04EC0-301F-11D3-BF4B-00C04F79EFBC}") = "Hospitals.Infrastructure", "Hospitals.Infrastructure\Hospitals.Infrastructure.csproj", "{BBCCC7DE-4CC8-4628-8D8C-B577AB1CAAD3}"
EndProject
Project("{FAE04EC0-301F-11D3-BF4B-00C04F79EFBC}") = "PatientCard.Application", "PatientCard.Application\PatientCard.Application.csproj", "{7CD8206B-99A0-4B8A-8A8F-AA2122191229}"
EndProject
Project("{FAE04EC0-301F-11D3-BF4B-00C04F79EFBC}") = "PatientCard.Domain", "PatientCard.Domain\PatientCard.Domain.csproj", "{566A6744-BD36-45C7-BE66-E9F6BF76C02A}"
EndProject
Project("{FAE04EC0-301F-11D3-BF4B-00C04F79EFBC}") = "PatientCard.Infrastructure", "PatientCard.Infrastructure\PatientCard.Infrastructure.csproj", "{44201EEA-50B7-476B-91DF-BC5E858B2712}"
EndProject
Global
	GlobalSection(SolutionConfigurationPlatforms) = preSolution
		Debug|Any CPU = Debug|Any CPU
		Release|Any CPU = Release|Any CPU
	EndGlobalSection
	GlobalSection(ProjectConfigurationPlatforms) = postSolution
		{FA9A671F-2443-4449-95A0-4412F873AA94}.Debug|Any CPU.ActiveCfg = Debug|Any CPU
		{FA9A671F-2443-4449-95A0-4412F873AA94}.Debug|Any CPU.Build.0 = Debug|Any CPU
		{FA9A671F-2443-4449-95A0-4412F873AA94}.Release|Any CPU.ActiveCfg = Release|Any CPU
		{FA9A671F-2443-4449-95A0-4412F873AA94}.Release|Any CPU.Build.0 = Release|Any CPU
		{A956AE27-ADA9-46D3-AC9C-8DECA3270B19}.Debug|Any CPU.ActiveCfg = Debug|Any CPU
		{A956AE27-ADA9-46D3-AC9C-8DECA3270B19}.Debug|Any CPU.Build.0 = Debug|Any CPU
		{A956AE27-ADA9-46D3-AC9C-8DECA3270B19}.Release|Any CPU.ActiveCfg = Release|Any CPU
		{A956AE27-ADA9-46D3-AC9C-8DECA3270B19}.Release|Any CPU.Build.0 = Release|Any CPU
		{FB6A3F83-F1AA-4C85-941B-7908A641ECDC}.Debug|Any CPU.ActiveCfg = Debug|Any CPU
		{FB6A3F83-F1AA-4C85-941B-7908A641ECDC}.Debug|Any CPU.Build.0 = Debug|Any CPU
		{FB6A3F83-F1AA-4C85-941B-7908A641ECDC}.Release|Any CPU.ActiveCfg = Release|Any CPU
		{FB6A3F83-F1AA-4C85-941B-7908A641ECDC}.Release|Any CPU.Build.0 = Release|Any CPU
		{178C6F9E-237A-489E-8DCD-FC6AD72D9A45}.Debug|Any CPU.ActiveCfg = Debug|Any CPU
		{178C6F9E-237A-489E-8DCD-FC6AD72D9A45}.Debug|Any CPU.Build.0 = Debug|Any CPU
		{178C6F9E-237A-489E-8DCD-FC6AD72D9A45}.Release|Any CPU.ActiveCfg = Release|Any CPU
		{178C6F9E-237A-489E-8DCD-FC6AD72D9A45}.Release|Any CPU.Build.0 = Release|Any CPU
		{9CD6016B-D665-408A-895E-46063EEBE18B}.Debug|Any CPU.ActiveCfg = Debug|Any CPU
		{9CD6016B-D665-408A-895E-46063EEBE18B}.Debug|Any CPU.Build.0 = Debug|Any CPU
		{9CD6016B-D665-408A-895E-46063EEBE18B}.Release|Any CPU.ActiveCfg = Release|Any CPU
		{9CD6016B-D665-408A-895E-46063EEBE18B}.Release|Any CPU.Build.0 = Release|Any CPU
		{4D43F60F-8ECA-444A-BC47-86D30D568FF4}.Debug|Any CPU.ActiveCfg = Debug|Any CPU
		{4D43F60F-8ECA-444A-BC47-86D30D568FF4}.Debug|Any CPU.Build.0 = Debug|Any CPU
		{4D43F60F-8ECA-444A-BC47-86D30D568FF4}.Release|Any CPU.ActiveCfg = Release|Any CPU
		{4D43F60F-8ECA-444A-BC47-86D30D568FF4}.Release|Any CPU.Build.0 = Release|Any CPU
		{BAAA76D2-C683-43DE-8884-F3D691506A75}.Debug|Any CPU.ActiveCfg = Debug|Any CPU
		{BAAA76D2-C683-43DE-8884-F3D691506A75}.Debug|Any CPU.Build.0 = Debug|Any CPU
		{BAAA76D2-C683-43DE-8884-F3D691506A75}.Release|Any CPU.ActiveCfg = Release|Any CPU
		{BAAA76D2-C683-43DE-8884-F3D691506A75}.Release|Any CPU.Build.0 = Release|Any CPU
		{A6BB6210-29A6-45E3-B10A-2D93C7530E25}.Debug|Any CPU.ActiveCfg = Debug|Any CPU
		{A6BB6210-29A6-45E3-B10A-2D93C7530E25}.Debug|Any CPU.Build.0 = Debug|Any CPU
		{A6BB6210-29A6-45E3-B10A-2D93C7530E25}.Release|Any CPU.ActiveCfg = Release|Any CPU
		{A6BB6210-29A6-45E3-B10A-2D93C7530E25}.Release|Any CPU.Build.0 = Release|Any CPU
		{6768B1D2-86E5-4000-BBB5-EFF9C4FD58AD}.Debug|Any CPU.ActiveCfg = Debug|Any CPU
		{6768B1D2-86E5-4000-BBB5-EFF9C4FD58AD}.Debug|Any CPU.Build.0 = Debug|Any CPU
		{6768B1D2-86E5-4000-BBB5-EFF9C4FD58AD}.Release|Any CPU.ActiveCfg = Release|Any CPU
		{6768B1D2-86E5-4000-BBB5-EFF9C4FD58AD}.Release|Any CPU.Build.0 = Release|Any CPU
		{ED3C8DFD-016A-4D55-9EF9-CC045FB93103}.Debug|Any CPU.ActiveCfg = Debug|Any CPU
		{ED3C8DFD-016A-4D55-9EF9-CC045FB93103}.Debug|Any CPU.Build.0 = Debug|Any CPU
		{ED3C8DFD-016A-4D55-9EF9-CC045FB93103}.Release|Any CPU.ActiveCfg = Release|Any CPU
		{ED3C8DFD-016A-4D55-9EF9-CC045FB93103}.Release|Any CPU.Build.0 = Release|Any CPU
		{4CB87D92-6D44-4AFA-A5FE-F182E032CAEF}.Debug|Any CPU.ActiveCfg = Debug|Any CPU
		{4CB87D92-6D44-4AFA-A5FE-F182E032CAEF}.Debug|Any CPU.Build.0 = Debug|Any CPU
		{4CB87D92-6D44-4AFA-A5FE-F182E032CAEF}.Release|Any CPU.ActiveCfg = Release|Any CPU
		{4CB87D92-6D44-4AFA-A5FE-F182E032CAEF}.Release|Any CPU.Build.0 = Release|Any CPU
		{C77D6D89-FC4E-46DC-9DEB-785AE4B2D8C8}.Debug|Any CPU.ActiveCfg = Debug|Any CPU
		{C77D6D89-FC4E-46DC-9DEB-785AE4B2D8C8}.Debug|Any CPU.Build.0 = Debug|Any CPU
		{C77D6D89-FC4E-46DC-9DEB-785AE4B2D8C8}.Release|Any CPU.ActiveCfg = Release|Any CPU
		{C77D6D89-FC4E-46DC-9DEB-785AE4B2D8C8}.Release|Any CPU.Build.0 = Release|Any CPU
		{85A8EAD5-7EB9-4022-9BF2-5C96FBEAB88D}.Debug|Any CPU.ActiveCfg = Debug|Any CPU
		{85A8EAD5-7EB9-4022-9BF2-5C96FBEAB88D}.Debug|Any CPU.Build.0 = Debug|Any CPU
		{85A8EAD5-7EB9-4022-9BF2-5C96FBEAB88D}.Release|Any CPU.ActiveCfg = Release|Any CPU
		{85A8EAD5-7EB9-4022-9BF2-5C96FBEAB88D}.Release|Any CPU.Build.0 = Release|Any CPU
		{9F775113-9494-413F-9008-71AA395261A8}.Debug|Any CPU.ActiveCfg = Debug|Any CPU
		{9F775113-9494-413F-9008-71AA395261A8}.Debug|Any CPU.Build.0 = Debug|Any CPU
		{9F775113-9494-413F-9008-71AA395261A8}.Release|Any CPU.ActiveCfg = Release|Any CPU
		{9F775113-9494-413F-9008-71AA395261A8}.Release|Any CPU.Build.0 = Release|Any CPU
		{BBCCC7DE-4CC8-4628-8D8C-B577AB1CAAD3}.Debug|Any CPU.ActiveCfg = Debug|Any CPU
		{BBCCC7DE-4CC8-4628-8D8C-B577AB1CAAD3}.Debug|Any CPU.Build.0 = Debug|Any CPU
		{BBCCC7DE-4CC8-4628-8D8C-B577AB1CAAD3}.Release|Any CPU.ActiveCfg = Release|Any CPU
		{BBCCC7DE-4CC8-4628-8D8C-B577AB1CAAD3}.Release|Any CPU.Build.0 = Release|Any CPU
		{7CD8206B-99A0-4B8A-8A8F-AA2122191229}.Debug|Any CPU.ActiveCfg = Debug|Any CPU
		{7CD8206B-99A0-4B8A-8A8F-AA2122191229}.Debug|Any CPU.Build.0 = Debug|Any CPU
		{7CD8206B-99A0-4B8A-8A8F-AA2122191229}.Release|Any CPU.ActiveCfg = Release|Any CPU
		{7CD8206B-99A0-4B8A-8A8F-AA2122191229}.Release|Any CPU.Build.0 = Release|Any CPU
		{566A6744-BD36-45C7-BE66-E9F6BF76C02A}.Debug|Any CPU.ActiveCfg = Debug|Any CPU
		{566A6744-BD36-45C7-BE66-E9F6BF76C02A}.Debug|Any CPU.Build.0 = Debug|Any CPU
		{566A6744-BD36-45C7-BE66-E9F6BF76C02A}.Release|Any CPU.ActiveCfg = Release|Any CPU
		{566A6744-BD36-45C7-BE66-E9F6BF76C02A}.Release|Any CPU.Build.0 = Release|Any CPU
		{44201EEA-50B7-476B-91DF-BC5E858B2712}.Debug|Any CPU.ActiveCfg = Debug|Any CPU
		{44201EEA-50B7-476B-91DF-BC5E858B2712}.Debug|Any CPU.Build.0 = Debug|Any CPU
		{44201EEA-50B7-476B-91DF-BC5E858B2712}.Release|Any CPU.ActiveCfg = Release|Any CPU
		{44201EEA-50B7-476B-91DF-BC5E858B2712}.Release|Any CPU.Build.0 = Release|Any CPU
	EndGlobalSection
	GlobalSection(SolutionProperties) = preSolution
		HideSolutionNode = FALSE
	EndGlobalSection
	GlobalSection(NestedProjects) = preSolution
		{FA9A671F-2443-4449-95A0-4412F873AA94} = {300F0D89-E324-4D2D-ACAF-8A009375B881}
		{178C6F9E-237A-489E-8DCD-FC6AD72D9A45} = {25CE76AE-CF56-45A0-A934-6CA0E0F9C308}
		{9CD6016B-D665-408A-895E-46063EEBE18B} = {78B68B43-32D8-475B-8110-30AEE9801DFC}
		{4D43F60F-8ECA-444A-BC47-86D30D568FF4} = {C71018AC-9A7A-429E-A3EB-439498156C6A}
		{BAAA76D2-C683-43DE-8884-F3D691506A75} = {78B68B43-32D8-475B-8110-30AEE9801DFC}
		{A6BB6210-29A6-45E3-B10A-2D93C7530E25} = {78B68B43-32D8-475B-8110-30AEE9801DFC}
		{6768B1D2-86E5-4000-BBB5-EFF9C4FD58AD} = {78B68B43-32D8-475B-8110-30AEE9801DFC}
		{ED3C8DFD-016A-4D55-9EF9-CC045FB93103} = {25CE76AE-CF56-45A0-A934-6CA0E0F9C308}
		{4CB87D92-6D44-4AFA-A5FE-F182E032CAEF} = {25CE76AE-CF56-45A0-A934-6CA0E0F9C308}
		{C77D6D89-FC4E-46DC-9DEB-785AE4B2D8C8} = {25CE76AE-CF56-45A0-A934-6CA0E0F9C308}
		{85A8EAD5-7EB9-4022-9BF2-5C96FBEAB88D} = {C71018AC-9A7A-429E-A3EB-439498156C6A}
		{9F775113-9494-413F-9008-71AA395261A8} = {C71018AC-9A7A-429E-A3EB-439498156C6A}
		{BBCCC7DE-4CC8-4628-8D8C-B577AB1CAAD3} = {C71018AC-9A7A-429E-A3EB-439498156C6A}
		{7CD8206B-99A0-4B8A-8A8F-AA2122191229} = {300F0D89-E324-4D2D-ACAF-8A009375B881}
		{566A6744-BD36-45C7-BE66-E9F6BF76C02A} = {300F0D89-E324-4D2D-ACAF-8A009375B881}
		{44201EEA-50B7-476B-91DF-BC5E858B2712} = {300F0D89-E324-4D2D-ACAF-8A009375B881}
	EndGlobalSection
EndGlobal
